
Microsoft Visual Studio Solution File, Format Version 12.00
Project("{FAE04EC0-301F-11D3-BF4B-00C04F79EFBC}") = "ExamenFinalBurgaFInanzas", "ExamenFinalBurgaFInanzas\ExamenFinalBurgaFInanzas.csproj", "{17A76FBF-4F93-4E61-B8C7-2D87910DA3B4}"
EndProject
Project("{FAE04EC0-301F-11D3-BF4B-00C04F79EFBC}") = "ExamenFinalBurgaFInanzasTEst", "ExamenFinalBurgaFInanzasTEst\ExamenFinalBurgaFInanzasTEst.csproj", "{1CCBB824-F9B0-435A-90C5-0BF37A15E2EF}"
EndProject
Global
	GlobalSection(SolutionConfigurationPlatforms) = preSolution
		Debug|Any CPU = Debug|Any CPU
		Release|Any CPU = Release|Any CPU
	EndGlobalSection
	GlobalSection(ProjectConfigurationPlatforms) = postSolution
		{17A76FBF-4F93-4E61-B8C7-2D87910DA3B4}.Debug|Any CPU.ActiveCfg = Debug|Any CPU
		{17A76FBF-4F93-4E61-B8C7-2D87910DA3B4}.Debug|Any CPU.Build.0 = Debug|Any CPU
		{17A76FBF-4F93-4E61-B8C7-2D87910DA3B4}.Release|Any CPU.ActiveCfg = Release|Any CPU
		{17A76FBF-4F93-4E61-B8C7-2D87910DA3B4}.Release|Any CPU.Build.0 = Release|Any CPU
		{1CCBB824-F9B0-435A-90C5-0BF37A15E2EF}.Debug|Any CPU.ActiveCfg = Debug|Any CPU
		{1CCBB824-F9B0-435A-90C5-0BF37A15E2EF}.Debug|Any CPU.Build.0 = Debug|Any CPU
		{1CCBB824-F9B0-435A-90C5-0BF37A15E2EF}.Release|Any CPU.ActiveCfg = Release|Any CPU
		{1CCBB824-F9B0-435A-90C5-0BF37A15E2EF}.Release|Any CPU.Build.0 = Release|Any CPU
	EndGlobalSection
EndGlobal
